
Microsoft Visual Studio Solution File, Format Version 12.00
# Visual Studio Version 16
VisualStudioVersion = 16.0.31025.194
MinimumVisualStudioVersion = 10.0.40219.1
Project("{D954291E-2A0B-460D-934E-DC6B0785DB48}") = "Shared.UnoLibraryIssue.Shared", "Shared.UnoLibraryIssue\Shared.UnoLibraryIssue.Shared\Shared.UnoLibraryIssue.Shared.shproj", "{6279C845-92F8-4333-AB99-3D213163593C}"
EndProject
Project("{2150E333-8FDC-42A3-9474-1A3956D46DE8}") = "Platforms", "Platforms", "{9C653D30-4635-45F2-92FD-32A6BB26DEFC}"
EndProject
Project("{FAE04EC0-301F-11D3-BF4B-00C04F79EFBC}") = "Shared.UnoLibraryIssue.Droid", "Shared.UnoLibraryIssue\Shared.UnoLibraryIssue.Droid\Shared.UnoLibraryIssue.Droid.csproj", "{26129AC9-4B58-41FF-BFAA-5024DBE22DF7}"
EndProject
Project("{FAE04EC0-301F-11D3-BF4B-00C04F79EFBC}") = "Shared.UnoLibraryIssue.iOS", "Shared.UnoLibraryIssue\Shared.UnoLibraryIssue.iOS\Shared.UnoLibraryIssue.iOS.csproj", "{92200D75-490A-4CF6-9375-12F6F5658C44}"
EndProject
Project("{FAE04EC0-301F-11D3-BF4B-00C04F79EFBC}") = "Shared.UnoLibraryIssue.UWP", "Shared.UnoLibraryIssue\Shared.UnoLibraryIssue.UWP\Shared.UnoLibraryIssue.UWP.csproj", "{B39F81F8-A636-4A26-B913-A1A289687C76}"
EndProject
Project("{FAE04EC0-301F-11D3-BF4B-00C04F79EFBC}") = "Shared.UnoLibraryIssue.Wasm", "Shared.UnoLibraryIssue\Shared.UnoLibraryIssue.Wasm\Shared.UnoLibraryIssue.Wasm.csproj", "{7D7B1B1C-70F1-469D-B11B-D14526AB4614}"
EndProject
Project("{FAE04EC0-301F-11D3-BF4B-00C04F79EFBC}") = "Shared.UnoLibraryIssue.macOS", "Shared.UnoLibraryIssue\Shared.UnoLibraryIssue.macOS\Shared.UnoLibraryIssue.macOS.csproj", "{3EBA51CF-8454-4A22-9753-FA98D3245346}"
EndProject
Project("{FAE04EC0-301F-11D3-BF4B-00C04F79EFBC}") = "Shared.UnoLibraryIssue.Skia.Wpf.Host", "Shared.UnoLibraryIssue\Shared.UnoLibraryIssue.Skia.Wpf.Host\Shared.UnoLibraryIssue.Skia.Wpf.Host.csproj", "{FC6AB9C9-A43E-4D6C-A637-B50797708B9A}"
EndProject
Project("{FAE04EC0-301F-11D3-BF4B-00C04F79EFBC}") = "Shared.UnoLibraryIssue.Skia.Wpf", "Shared.UnoLibraryIssue\Shared.UnoLibraryIssue.Skia.Wpf\Shared.UnoLibraryIssue.Skia.Wpf.csproj", "{2EDDA6A9-5826-44A9-907D-C0B8FD8F58D1}"
EndProject
Project("{FAE04EC0-301F-11D3-BF4B-00C04F79EFBC}") = "Shared.UnoLibraryIssue.Skia.Gtk", "Shared.UnoLibraryIssue\Shared.UnoLibraryIssue.Skia.Gtk\Shared.UnoLibraryIssue.Skia.Gtk.csproj", "{7E54AB50-40B4-446C-BAB8-FB6BC5D03EFC}"
EndProject
Project("{FAE04EC0-301F-11D3-BF4B-00C04F79EFBC}") = "Shared.UnoLibraryIssue.Skia.Tizen", "Shared.UnoLibraryIssue\Shared.UnoLibraryIssue.Skia.Tizen\Shared.UnoLibraryIssue.Skia.Tizen.csproj", "{6E20D29A-46E0-4DE0-A069-B8F6B2735123}"
EndProject
Project("{FAE04EC0-301F-11D3-BF4B-00C04F79EFBC}") = "Shared.UnoCommonLibrary", "Shared.UnoCommonLibrary\Shared.UnoCommonLibrary.csproj", "{4B9F8CC7-594C-434E-9C99-41703068F148}"
EndProject
Global
	GlobalSection(SharedMSBuildProjectFiles) = preSolution
		Shared.UnoLibraryIssue\Shared.UnoLibraryIssue.Shared\Shared.UnoLibraryIssue.Shared.projitems*{26129ac9-4b58-41ff-bfaa-5024dbe22df7}*SharedItemsImports = 4
		Shared.UnoLibraryIssue\Shared.UnoLibraryIssue.Shared\Shared.UnoLibraryIssue.Shared.projitems*{2edda6a9-5826-44a9-907d-c0b8fd8f58d1}*SharedItemsImports = 5
		Shared.UnoLibraryIssue\Shared.UnoLibraryIssue.Shared\Shared.UnoLibraryIssue.Shared.projitems*{3eba51cf-8454-4a22-9753-fa98d3245346}*SharedItemsImports = 4
		Shared.UnoLibraryIssue\Shared.UnoLibraryIssue.Shared\Shared.UnoLibraryIssue.Shared.projitems*{6279c845-92f8-4333-ab99-3d213163593c}*SharedItemsImports = 13
		Shared.UnoLibraryIssue\Shared.UnoLibraryIssue.Shared\Shared.UnoLibraryIssue.Shared.projitems*{6e20d29a-46e0-4de0-a069-b8f6b2735123}*SharedItemsImports = 5
		Shared.UnoLibraryIssue\Shared.UnoLibraryIssue.Shared\Shared.UnoLibraryIssue.Shared.projitems*{7d7b1b1c-70f1-469d-b11b-d14526ab4614}*SharedItemsImports = 5
		Shared.UnoLibraryIssue\Shared.UnoLibraryIssue.Shared\Shared.UnoLibraryIssue.Shared.projitems*{7e54ab50-40b4-446c-bab8-fb6bc5d03efc}*SharedItemsImports = 5
		Shared.UnoLibraryIssue\Shared.UnoLibraryIssue.Shared\Shared.UnoLibraryIssue.Shared.projitems*{92200d75-490a-4cf6-9375-12f6f5658c44}*SharedItemsImports = 4
		Shared.UnoLibraryIssue\Shared.UnoLibraryIssue.Shared\Shared.UnoLibraryIssue.Shared.projitems*{b39f81f8-a636-4a26-b913-a1a289687c76}*SharedItemsImports = 4
	EndGlobalSection
	GlobalSection(SolutionConfigurationPlatforms) = preSolution
		Ad-Hoc|Any CPU = Ad-Hoc|Any CPU
		Ad-Hoc|ARM = Ad-Hoc|ARM
		Ad-Hoc|ARM64 = Ad-Hoc|ARM64
		Ad-Hoc|iPhone = Ad-Hoc|iPhone
		Ad-Hoc|iPhoneSimulator = Ad-Hoc|iPhoneSimulator
		Ad-Hoc|x64 = Ad-Hoc|x64
		Ad-Hoc|x86 = Ad-Hoc|x86
		AppStore|Any CPU = AppStore|Any CPU
		AppStore|ARM = AppStore|ARM
		AppStore|ARM64 = AppStore|ARM64
		AppStore|iPhone = AppStore|iPhone
		AppStore|iPhoneSimulator = AppStore|iPhoneSimulator
		AppStore|x64 = AppStore|x64
		AppStore|x86 = AppStore|x86
		Debug|Any CPU = Debug|Any CPU
		Debug|ARM = Debug|ARM
		Debug|ARM64 = Debug|ARM64
		Debug|iPhone = Debug|iPhone
		Debug|iPhoneSimulator = Debug|iPhoneSimulator
		Debug|x64 = Debug|x64
		Debug|x86 = Debug|x86
		Release|Any CPU = Release|Any CPU
		Release|ARM = Release|ARM
		Release|ARM64 = Release|ARM64
		Release|iPhone = Release|iPhone
		Release|iPhoneSimulator = Release|iPhoneSimulator
		Release|x64 = Release|x64
		Release|x86 = Release|x86
	EndGlobalSection
	GlobalSection(ProjectConfigurationPlatforms) = postSolution
		{26129AC9-4B58-41FF-BFAA-5024DBE22DF7}.Ad-Hoc|Any CPU.ActiveCfg = Debug|Any CPU
		{26129AC9-4B58-41FF-BFAA-5024DBE22DF7}.Ad-Hoc|Any CPU.Build.0 = Debug|Any CPU
		{26129AC9-4B58-41FF-BFAA-5024DBE22DF7}.Ad-Hoc|Any CPU.Deploy.0 = Debug|Any CPU
		{26129AC9-4B58-41FF-BFAA-5024DBE22DF7}.Ad-Hoc|ARM.ActiveCfg = Debug|Any CPU
		{26129AC9-4B58-41FF-BFAA-5024DBE22DF7}.Ad-Hoc|ARM.Build.0 = Debug|Any CPU
		{26129AC9-4B58-41FF-BFAA-5024DBE22DF7}.Ad-Hoc|ARM.Deploy.0 = Debug|Any CPU
		{26129AC9-4B58-41FF-BFAA-5024DBE22DF7}.Ad-Hoc|ARM64.ActiveCfg = Debug|Any CPU
		{26129AC9-4B58-41FF-BFAA-5024DBE22DF7}.Ad-Hoc|ARM64.Build.0 = Debug|Any CPU
		{26129AC9-4B58-41FF-BFAA-5024DBE22DF7}.Ad-Hoc|ARM64.Deploy.0 = Debug|Any CPU
		{26129AC9-4B58-41FF-BFAA-5024DBE22DF7}.Ad-Hoc|iPhone.ActiveCfg = Debug|Any CPU
		{26129AC9-4B58-41FF-BFAA-5024DBE22DF7}.Ad-Hoc|iPhone.Build.0 = Debug|Any CPU
		{26129AC9-4B58-41FF-BFAA-5024DBE22DF7}.Ad-Hoc|iPhone.Deploy.0 = Debug|Any CPU
		{26129AC9-4B58-41FF-BFAA-5024DBE22DF7}.Ad-Hoc|iPhoneSimulator.ActiveCfg = Debug|Any CPU
		{26129AC9-4B58-41FF-BFAA-5024DBE22DF7}.Ad-Hoc|iPhoneSimulator.Build.0 = Debug|Any CPU
		{26129AC9-4B58-41FF-BFAA-5024DBE22DF7}.Ad-Hoc|iPhoneSimulator.Deploy.0 = Debug|Any CPU
		{26129AC9-4B58-41FF-BFAA-5024DBE22DF7}.Ad-Hoc|x64.ActiveCfg = Debug|Any CPU
		{26129AC9-4B58-41FF-BFAA-5024DBE22DF7}.Ad-Hoc|x64.Build.0 = Debug|Any CPU
		{26129AC9-4B58-41FF-BFAA-5024DBE22DF7}.Ad-Hoc|x64.Deploy.0 = Debug|Any CPU
		{26129AC9-4B58-41FF-BFAA-5024DBE22DF7}.Ad-Hoc|x86.ActiveCfg = Debug|Any CPU
		{26129AC9-4B58-41FF-BFAA-5024DBE22DF7}.Ad-Hoc|x86.Build.0 = Debug|Any CPU
		{26129AC9-4B58-41FF-BFAA-5024DBE22DF7}.Ad-Hoc|x86.Deploy.0 = Debug|Any CPU
		{26129AC9-4B58-41FF-BFAA-5024DBE22DF7}.AppStore|Any CPU.ActiveCfg = Debug|Any CPU
		{26129AC9-4B58-41FF-BFAA-5024DBE22DF7}.AppStore|Any CPU.Build.0 = Debug|Any CPU
		{26129AC9-4B58-41FF-BFAA-5024DBE22DF7}.AppStore|Any CPU.Deploy.0 = Debug|Any CPU
		{26129AC9-4B58-41FF-BFAA-5024DBE22DF7}.AppStore|ARM.ActiveCfg = Debug|Any CPU
		{26129AC9-4B58-41FF-BFAA-5024DBE22DF7}.AppStore|ARM.Build.0 = Debug|Any CPU
		{26129AC9-4B58-41FF-BFAA-5024DBE22DF7}.AppStore|ARM.Deploy.0 = Debug|Any CPU
		{26129AC9-4B58-41FF-BFAA-5024DBE22DF7}.AppStore|ARM64.ActiveCfg = Debug|Any CPU
		{26129AC9-4B58-41FF-BFAA-5024DBE22DF7}.AppStore|ARM64.Build.0 = Debug|Any CPU
		{26129AC9-4B58-41FF-BFAA-5024DBE22DF7}.AppStore|ARM64.Deploy.0 = Debug|Any CPU
		{26129AC9-4B58-41FF-BFAA-5024DBE22DF7}.AppStore|iPhone.ActiveCfg = Debug|Any CPU
		{26129AC9-4B58-41FF-BFAA-5024DBE22DF7}.AppStore|iPhone.Build.0 = Debug|Any CPU
		{26129AC9-4B58-41FF-BFAA-5024DBE22DF7}.AppStore|iPhone.Deploy.0 = Debug|Any CPU
		{26129AC9-4B58-41FF-BFAA-5024DBE22DF7}.AppStore|iPhoneSimulator.ActiveCfg = Debug|Any CPU
		{26129AC9-4B58-41FF-BFAA-5024DBE22DF7}.AppStore|iPhoneSimulator.Build.0 = Debug|Any CPU
		{26129AC9-4B58-41FF-BFAA-5024DBE22DF7}.AppStore|iPhoneSimulator.Deploy.0 = Debug|Any CPU
		{26129AC9-4B58-41FF-BFAA-5024DBE22DF7}.AppStore|x64.ActiveCfg = Debug|Any CPU
		{26129AC9-4B58-41FF-BFAA-5024DBE22DF7}.AppStore|x64.Build.0 = Debug|Any CPU
		{26129AC9-4B58-41FF-BFAA-5024DBE22DF7}.AppStore|x64.Deploy.0 = Debug|Any CPU
		{26129AC9-4B58-41FF-BFAA-5024DBE22DF7}.AppStore|x86.ActiveCfg = Debug|Any CPU
		{26129AC9-4B58-41FF-BFAA-5024DBE22DF7}.AppStore|x86.Build.0 = Debug|Any CPU
		{26129AC9-4B58-41FF-BFAA-5024DBE22DF7}.AppStore|x86.Deploy.0 = Debug|Any CPU
		{26129AC9-4B58-41FF-BFAA-5024DBE22DF7}.Debug|Any CPU.ActiveCfg = Debug|Any CPU
		{26129AC9-4B58-41FF-BFAA-5024DBE22DF7}.Debug|Any CPU.Build.0 = Debug|Any CPU
		{26129AC9-4B58-41FF-BFAA-5024DBE22DF7}.Debug|Any CPU.Deploy.0 = Debug|Any CPU
		{26129AC9-4B58-41FF-BFAA-5024DBE22DF7}.Debug|ARM.ActiveCfg = Debug|Any CPU
		{26129AC9-4B58-41FF-BFAA-5024DBE22DF7}.Debug|ARM.Build.0 = Debug|Any CPU
		{26129AC9-4B58-41FF-BFAA-5024DBE22DF7}.Debug|ARM.Deploy.0 = Debug|Any CPU
		{26129AC9-4B58-41FF-BFAA-5024DBE22DF7}.Debug|ARM64.ActiveCfg = Debug|Any CPU
		{26129AC9-4B58-41FF-BFAA-5024DBE22DF7}.Debug|ARM64.Build.0 = Debug|Any CPU
		{26129AC9-4B58-41FF-BFAA-5024DBE22DF7}.Debug|ARM64.Deploy.0 = Debug|Any CPU
		{26129AC9-4B58-41FF-BFAA-5024DBE22DF7}.Debug|iPhone.ActiveCfg = Debug|Any CPU
		{26129AC9-4B58-41FF-BFAA-5024DBE22DF7}.Debug|iPhone.Build.0 = Debug|Any CPU
		{26129AC9-4B58-41FF-BFAA-5024DBE22DF7}.Debug|iPhone.Deploy.0 = Debug|Any CPU
		{26129AC9-4B58-41FF-BFAA-5024DBE22DF7}.Debug|iPhoneSimulator.ActiveCfg = Debug|Any CPU
		{26129AC9-4B58-41FF-BFAA-5024DBE22DF7}.Debug|iPhoneSimulator.Build.0 = Debug|Any CPU
		{26129AC9-4B58-41FF-BFAA-5024DBE22DF7}.Debug|iPhoneSimulator.Deploy.0 = Debug|Any CPU
		{26129AC9-4B58-41FF-BFAA-5024DBE22DF7}.Debug|x64.ActiveCfg = Debug|Any CPU
		{26129AC9-4B58-41FF-BFAA-5024DBE22DF7}.Debug|x64.Build.0 = Debug|Any CPU
		{26129AC9-4B58-41FF-BFAA-5024DBE22DF7}.Debug|x64.Deploy.0 = Debug|Any CPU
		{26129AC9-4B58-41FF-BFAA-5024DBE22DF7}.Debug|x86.ActiveCfg = Debug|Any CPU
		{26129AC9-4B58-41FF-BFAA-5024DBE22DF7}.Release|Any CPU.ActiveCfg = Release|Any CPU
		{26129AC9-4B58-41FF-BFAA-5024DBE22DF7}.Release|Any CPU.Build.0 = Release|Any CPU
		{26129AC9-4B58-41FF-BFAA-5024DBE22DF7}.Release|Any CPU.Deploy.0 = Release|Any CPU
		{26129AC9-4B58-41FF-BFAA-5024DBE22DF7}.Release|ARM.ActiveCfg = Release|Any CPU
		{26129AC9-4B58-41FF-BFAA-5024DBE22DF7}.Release|ARM.Build.0 = Release|Any CPU
		{26129AC9-4B58-41FF-BFAA-5024DBE22DF7}.Release|ARM.Deploy.0 = Release|Any CPU
		{26129AC9-4B58-41FF-BFAA-5024DBE22DF7}.Release|ARM64.ActiveCfg = Release|Any CPU
		{26129AC9-4B58-41FF-BFAA-5024DBE22DF7}.Release|ARM64.Build.0 = Release|Any CPU
		{26129AC9-4B58-41FF-BFAA-5024DBE22DF7}.Release|ARM64.Deploy.0 = Release|Any CPU
		{26129AC9-4B58-41FF-BFAA-5024DBE22DF7}.Release|iPhone.ActiveCfg = Release|Any CPU
		{26129AC9-4B58-41FF-BFAA-5024DBE22DF7}.Release|iPhone.Build.0 = Release|Any CPU
		{26129AC9-4B58-41FF-BFAA-5024DBE22DF7}.Release|iPhone.Deploy.0 = Release|Any CPU
		{26129AC9-4B58-41FF-BFAA-5024DBE22DF7}.Release|iPhoneSimulator.ActiveCfg = Release|Any CPU
		{26129AC9-4B58-41FF-BFAA-5024DBE22DF7}.Release|iPhoneSimulator.Build.0 = Release|Any CPU
		{26129AC9-4B58-41FF-BFAA-5024DBE22DF7}.Release|iPhoneSimulator.Deploy.0 = Release|Any CPU
		{26129AC9-4B58-41FF-BFAA-5024DBE22DF7}.Release|x64.ActiveCfg = Release|Any CPU
		{26129AC9-4B58-41FF-BFAA-5024DBE22DF7}.Release|x64.Build.0 = Release|Any CPU
		{26129AC9-4B58-41FF-BFAA-5024DBE22DF7}.Release|x64.Deploy.0 = Release|Any CPU
		{26129AC9-4B58-41FF-BFAA-5024DBE22DF7}.Release|x86.ActiveCfg = Release|Any CPU
		{26129AC9-4B58-41FF-BFAA-5024DBE22DF7}.Release|x86.Build.0 = Release|Any CPU
		{26129AC9-4B58-41FF-BFAA-5024DBE22DF7}.Release|x86.Deploy.0 = Release|Any CPU
		{92200D75-490A-4CF6-9375-12F6F5658C44}.Ad-Hoc|Any CPU.ActiveCfg = Ad-Hoc|iPhoneSimulator
		{92200D75-490A-4CF6-9375-12F6F5658C44}.Ad-Hoc|ARM.ActiveCfg = Ad-Hoc|iPhoneSimulator
		{92200D75-490A-4CF6-9375-12F6F5658C44}.Ad-Hoc|ARM64.ActiveCfg = Ad-Hoc|iPhoneSimulator
		{92200D75-490A-4CF6-9375-12F6F5658C44}.Ad-Hoc|iPhone.ActiveCfg = Ad-Hoc|iPhone
		{92200D75-490A-4CF6-9375-12F6F5658C44}.Ad-Hoc|iPhone.Build.0 = Ad-Hoc|iPhone
		{92200D75-490A-4CF6-9375-12F6F5658C44}.Ad-Hoc|iPhoneSimulator.ActiveCfg = Ad-Hoc|iPhoneSimulator
		{92200D75-490A-4CF6-9375-12F6F5658C44}.Ad-Hoc|iPhoneSimulator.Build.0 = Ad-Hoc|iPhoneSimulator
		{92200D75-490A-4CF6-9375-12F6F5658C44}.Ad-Hoc|x64.ActiveCfg = Ad-Hoc|iPhoneSimulator
		{92200D75-490A-4CF6-9375-12F6F5658C44}.Ad-Hoc|x86.ActiveCfg = Ad-Hoc|iPhoneSimulator
		{92200D75-490A-4CF6-9375-12F6F5658C44}.AppStore|Any CPU.ActiveCfg = AppStore|iPhoneSimulator
		{92200D75-490A-4CF6-9375-12F6F5658C44}.AppStore|ARM.ActiveCfg = AppStore|iPhoneSimulator
		{92200D75-490A-4CF6-9375-12F6F5658C44}.AppStore|ARM64.ActiveCfg = AppStore|iPhoneSimulator
		{92200D75-490A-4CF6-9375-12F6F5658C44}.AppStore|iPhone.ActiveCfg = AppStore|iPhone
		{92200D75-490A-4CF6-9375-12F6F5658C44}.AppStore|iPhone.Build.0 = AppStore|iPhone
		{92200D75-490A-4CF6-9375-12F6F5658C44}.AppStore|iPhoneSimulator.ActiveCfg = AppStore|iPhoneSimulator
		{92200D75-490A-4CF6-9375-12F6F5658C44}.AppStore|iPhoneSimulator.Build.0 = AppStore|iPhoneSimulator
		{92200D75-490A-4CF6-9375-12F6F5658C44}.AppStore|x64.ActiveCfg = AppStore|iPhoneSimulator
		{92200D75-490A-4CF6-9375-12F6F5658C44}.AppStore|x86.ActiveCfg = AppStore|iPhoneSimulator
		{92200D75-490A-4CF6-9375-12F6F5658C44}.Debug|Any CPU.ActiveCfg = Debug|iPhoneSimulator
		{92200D75-490A-4CF6-9375-12F6F5658C44}.Debug|ARM.ActiveCfg = Debug|iPhoneSimulator
		{92200D75-490A-4CF6-9375-12F6F5658C44}.Debug|ARM64.ActiveCfg = Debug|iPhoneSimulator
		{92200D75-490A-4CF6-9375-12F6F5658C44}.Debug|iPhone.ActiveCfg = Debug|iPhone
		{92200D75-490A-4CF6-9375-12F6F5658C44}.Debug|iPhone.Build.0 = Debug|iPhone
		{92200D75-490A-4CF6-9375-12F6F5658C44}.Debug|iPhoneSimulator.ActiveCfg = Debug|iPhoneSimulator
		{92200D75-490A-4CF6-9375-12F6F5658C44}.Debug|iPhoneSimulator.Build.0 = Debug|iPhoneSimulator
		{92200D75-490A-4CF6-9375-12F6F5658C44}.Debug|x64.ActiveCfg = Debug|iPhoneSimulator
		{92200D75-490A-4CF6-9375-12F6F5658C44}.Debug|x86.ActiveCfg = Debug|iPhoneSimulator
		{92200D75-490A-4CF6-9375-12F6F5658C44}.Release|Any CPU.ActiveCfg = Release|iPhoneSimulator
		{92200D75-490A-4CF6-9375-12F6F5658C44}.Release|ARM.ActiveCfg = Release|iPhoneSimulator
		{92200D75-490A-4CF6-9375-12F6F5658C44}.Release|ARM64.ActiveCfg = Release|iPhoneSimulator
		{92200D75-490A-4CF6-9375-12F6F5658C44}.Release|iPhone.ActiveCfg = Release|iPhone
		{92200D75-490A-4CF6-9375-12F6F5658C44}.Release|iPhone.Build.0 = Release|iPhone
		{92200D75-490A-4CF6-9375-12F6F5658C44}.Release|iPhoneSimulator.ActiveCfg = Release|iPhoneSimulator
		{92200D75-490A-4CF6-9375-12F6F5658C44}.Release|iPhoneSimulator.Build.0 = Release|iPhoneSimulator
		{92200D75-490A-4CF6-9375-12F6F5658C44}.Release|x64.ActiveCfg = Release|iPhoneSimulator
		{92200D75-490A-4CF6-9375-12F6F5658C44}.Release|x86.ActiveCfg = Release|iPhoneSimulator
		{B39F81F8-A636-4A26-B913-A1A289687C76}.Ad-Hoc|Any CPU.ActiveCfg = Debug|x86
		{B39F81F8-A636-4A26-B913-A1A289687C76}.Ad-Hoc|Any CPU.Build.0 = Debug|x86
		{B39F81F8-A636-4A26-B913-A1A289687C76}.Ad-Hoc|Any CPU.Deploy.0 = Debug|x86
		{B39F81F8-A636-4A26-B913-A1A289687C76}.Ad-Hoc|ARM.ActiveCfg = Debug|ARM
		{B39F81F8-A636-4A26-B913-A1A289687C76}.Ad-Hoc|ARM.Build.0 = Debug|ARM
		{B39F81F8-A636-4A26-B913-A1A289687C76}.Ad-Hoc|ARM.Deploy.0 = Debug|ARM
		{B39F81F8-A636-4A26-B913-A1A289687C76}.Ad-Hoc|ARM64.ActiveCfg = Debug|ARM64
		{B39F81F8-A636-4A26-B913-A1A289687C76}.Ad-Hoc|ARM64.Build.0 = Debug|ARM64
		{B39F81F8-A636-4A26-B913-A1A289687C76}.Ad-Hoc|ARM64.Deploy.0 = Debug|ARM64
		{B39F81F8-A636-4A26-B913-A1A289687C76}.Ad-Hoc|iPhone.ActiveCfg = Debug|x86
		{B39F81F8-A636-4A26-B913-A1A289687C76}.Ad-Hoc|iPhone.Build.0 = Debug|x86
		{B39F81F8-A636-4A26-B913-A1A289687C76}.Ad-Hoc|iPhone.Deploy.0 = Debug|x86
		{B39F81F8-A636-4A26-B913-A1A289687C76}.Ad-Hoc|iPhoneSimulator.ActiveCfg = Debug|x86
		{B39F81F8-A636-4A26-B913-A1A289687C76}.Ad-Hoc|iPhoneSimulator.Build.0 = Debug|x86
		{B39F81F8-A636-4A26-B913-A1A289687C76}.Ad-Hoc|iPhoneSimulator.Deploy.0 = Debug|x86
		{B39F81F8-A636-4A26-B913-A1A289687C76}.Ad-Hoc|x64.ActiveCfg = Debug|x64
		{B39F81F8-A636-4A26-B913-A1A289687C76}.Ad-Hoc|x64.Build.0 = Debug|x64
		{B39F81F8-A636-4A26-B913-A1A289687C76}.Ad-Hoc|x64.Deploy.0 = Debug|x64
		{B39F81F8-A636-4A26-B913-A1A289687C76}.Ad-Hoc|x86.ActiveCfg = Debug|x86
		{B39F81F8-A636-4A26-B913-A1A289687C76}.Ad-Hoc|x86.Build.0 = Debug|x86
		{B39F81F8-A636-4A26-B913-A1A289687C76}.Ad-Hoc|x86.Deploy.0 = Debug|x86
		{B39F81F8-A636-4A26-B913-A1A289687C76}.AppStore|Any CPU.ActiveCfg = Debug|x86
		{B39F81F8-A636-4A26-B913-A1A289687C76}.AppStore|Any CPU.Build.0 = Debug|x86
		{B39F81F8-A636-4A26-B913-A1A289687C76}.AppStore|Any CPU.Deploy.0 = Debug|x86
		{B39F81F8-A636-4A26-B913-A1A289687C76}.AppStore|ARM.ActiveCfg = Debug|ARM
		{B39F81F8-A636-4A26-B913-A1A289687C76}.AppStore|ARM.Build.0 = Debug|ARM
		{B39F81F8-A636-4A26-B913-A1A289687C76}.AppStore|ARM.Deploy.0 = Debug|ARM
		{B39F81F8-A636-4A26-B913-A1A289687C76}.AppStore|ARM64.ActiveCfg = Debug|ARM64
		{B39F81F8-A636-4A26-B913-A1A289687C76}.AppStore|ARM64.Build.0 = Debug|ARM64
		{B39F81F8-A636-4A26-B913-A1A289687C76}.AppStore|ARM64.Deploy.0 = Debug|ARM64
		{B39F81F8-A636-4A26-B913-A1A289687C76}.AppStore|iPhone.ActiveCfg = Debug|x86
		{B39F81F8-A636-4A26-B913-A1A289687C76}.AppStore|iPhone.Build.0 = Debug|x86
		{B39F81F8-A636-4A26-B913-A1A289687C76}.AppStore|iPhone.Deploy.0 = Debug|x86
		{B39F81F8-A636-4A26-B913-A1A289687C76}.AppStore|iPhoneSimulator.ActiveCfg = Debug|x86
		{B39F81F8-A636-4A26-B913-A1A289687C76}.AppStore|iPhoneSimulator.Build.0 = Debug|x86
		{B39F81F8-A636-4A26-B913-A1A289687C76}.AppStore|iPhoneSimulator.Deploy.0 = Debug|x86
		{B39F81F8-A636-4A26-B913-A1A289687C76}.AppStore|x64.ActiveCfg = Debug|x64
		{B39F81F8-A636-4A26-B913-A1A289687C76}.AppStore|x64.Build.0 = Debug|x64
		{B39F81F8-A636-4A26-B913-A1A289687C76}.AppStore|x64.Deploy.0 = Debug|x64
		{B39F81F8-A636-4A26-B913-A1A289687C76}.AppStore|x86.ActiveCfg = Debug|x86
		{B39F81F8-A636-4A26-B913-A1A289687C76}.AppStore|x86.Build.0 = Debug|x86
		{B39F81F8-A636-4A26-B913-A1A289687C76}.AppStore|x86.Deploy.0 = Debug|x86
		{B39F81F8-A636-4A26-B913-A1A289687C76}.Debug|Any CPU.ActiveCfg = Debug|x86
		{B39F81F8-A636-4A26-B913-A1A289687C76}.Debug|Any CPU.Build.0 = Debug|x86
		{B39F81F8-A636-4A26-B913-A1A289687C76}.Debug|Any CPU.Deploy.0 = Debug|x86
		{B39F81F8-A636-4A26-B913-A1A289687C76}.Debug|ARM.ActiveCfg = Debug|ARM
		{B39F81F8-A636-4A26-B913-A1A289687C76}.Debug|ARM.Build.0 = Debug|ARM
		{B39F81F8-A636-4A26-B913-A1A289687C76}.Debug|ARM.Deploy.0 = Debug|ARM
		{B39F81F8-A636-4A26-B913-A1A289687C76}.Debug|ARM64.ActiveCfg = Debug|ARM64
		{B39F81F8-A636-4A26-B913-A1A289687C76}.Debug|ARM64.Build.0 = Debug|ARM64
		{B39F81F8-A636-4A26-B913-A1A289687C76}.Debug|ARM64.Deploy.0 = Debug|ARM64
		{B39F81F8-A636-4A26-B913-A1A289687C76}.Debug|iPhone.ActiveCfg = Debug|x86
		{B39F81F8-A636-4A26-B913-A1A289687C76}.Debug|iPhoneSimulator.ActiveCfg = Debug|x86
		{B39F81F8-A636-4A26-B913-A1A289687C76}.Debug|x64.ActiveCfg = Debug|x64
		{B39F81F8-A636-4A26-B913-A1A289687C76}.Debug|x64.Build.0 = Debug|x64
		{B39F81F8-A636-4A26-B913-A1A289687C76}.Debug|x64.Deploy.0 = Debug|x64
		{B39F81F8-A636-4A26-B913-A1A289687C76}.Debug|x86.ActiveCfg = Debug|x86
		{B39F81F8-A636-4A26-B913-A1A289687C76}.Debug|x86.Build.0 = Debug|x86
		{B39F81F8-A636-4A26-B913-A1A289687C76}.Debug|x86.Deploy.0 = Debug|x86
		{B39F81F8-A636-4A26-B913-A1A289687C76}.Release|Any CPU.ActiveCfg = Release|x86
		{B39F81F8-A636-4A26-B913-A1A289687C76}.Release|ARM.ActiveCfg = Release|ARM
		{B39F81F8-A636-4A26-B913-A1A289687C76}.Release|ARM.Build.0 = Release|ARM
		{B39F81F8-A636-4A26-B913-A1A289687C76}.Release|ARM.Deploy.0 = Release|ARM
		{B39F81F8-A636-4A26-B913-A1A289687C76}.Release|ARM64.ActiveCfg = Release|ARM64
		{B39F81F8-A636-4A26-B913-A1A289687C76}.Release|ARM64.Build.0 = Release|ARM64
		{B39F81F8-A636-4A26-B913-A1A289687C76}.Release|ARM64.Deploy.0 = Release|ARM64
		{B39F81F8-A636-4A26-B913-A1A289687C76}.Release|iPhone.ActiveCfg = Release|x86
		{B39F81F8-A636-4A26-B913-A1A289687C76}.Release|iPhoneSimulator.ActiveCfg = Release|x86
		{B39F81F8-A636-4A26-B913-A1A289687C76}.Release|x64.ActiveCfg = Release|x64
		{B39F81F8-A636-4A26-B913-A1A289687C76}.Release|x64.Build.0 = Release|x64
		{B39F81F8-A636-4A26-B913-A1A289687C76}.Release|x64.Deploy.0 = Release|x64
		{B39F81F8-A636-4A26-B913-A1A289687C76}.Release|x86.ActiveCfg = Release|x86
		{B39F81F8-A636-4A26-B913-A1A289687C76}.Release|x86.Build.0 = Release|x86
		{B39F81F8-A636-4A26-B913-A1A289687C76}.Release|x86.Deploy.0 = Release|x86
		{7D7B1B1C-70F1-469D-B11B-D14526AB4614}.Ad-Hoc|Any CPU.ActiveCfg = Debug|Any CPU
		{7D7B1B1C-70F1-469D-B11B-D14526AB4614}.Ad-Hoc|Any CPU.Build.0 = Debug|Any CPU
		{7D7B1B1C-70F1-469D-B11B-D14526AB4614}.Ad-Hoc|ARM.ActiveCfg = Debug|Any CPU
		{7D7B1B1C-70F1-469D-B11B-D14526AB4614}.Ad-Hoc|ARM.Build.0 = Debug|Any CPU
		{7D7B1B1C-70F1-469D-B11B-D14526AB4614}.Ad-Hoc|ARM64.ActiveCfg = Debug|Any CPU
		{7D7B1B1C-70F1-469D-B11B-D14526AB4614}.Ad-Hoc|ARM64.Build.0 = Debug|Any CPU
		{7D7B1B1C-70F1-469D-B11B-D14526AB4614}.Ad-Hoc|iPhone.ActiveCfg = Debug|Any CPU
		{7D7B1B1C-70F1-469D-B11B-D14526AB4614}.Ad-Hoc|iPhone.Build.0 = Debug|Any CPU
		{7D7B1B1C-70F1-469D-B11B-D14526AB4614}.Ad-Hoc|iPhoneSimulator.ActiveCfg = Debug|Any CPU
		{7D7B1B1C-70F1-469D-B11B-D14526AB4614}.Ad-Hoc|iPhoneSimulator.Build.0 = Debug|Any CPU
		{7D7B1B1C-70F1-469D-B11B-D14526AB4614}.Ad-Hoc|x64.ActiveCfg = Debug|Any CPU
		{7D7B1B1C-70F1-469D-B11B-D14526AB4614}.Ad-Hoc|x64.Build.0 = Debug|Any CPU
		{7D7B1B1C-70F1-469D-B11B-D14526AB4614}.Ad-Hoc|x86.ActiveCfg = Debug|Any CPU
		{7D7B1B1C-70F1-469D-B11B-D14526AB4614}.Ad-Hoc|x86.Build.0 = Debug|Any CPU
		{7D7B1B1C-70F1-469D-B11B-D14526AB4614}.AppStore|Any CPU.ActiveCfg = Debug|Any CPU
		{7D7B1B1C-70F1-469D-B11B-D14526AB4614}.AppStore|Any CPU.Build.0 = Debug|Any CPU
		{7D7B1B1C-70F1-469D-B11B-D14526AB4614}.AppStore|ARM.ActiveCfg = Debug|Any CPU
		{7D7B1B1C-70F1-469D-B11B-D14526AB4614}.AppStore|ARM.Build.0 = Debug|Any CPU
		{7D7B1B1C-70F1-469D-B11B-D14526AB4614}.AppStore|ARM64.ActiveCfg = Debug|Any CPU
		{7D7B1B1C-70F1-469D-B11B-D14526AB4614}.AppStore|ARM64.Build.0 = Debug|Any CPU
		{7D7B1B1C-70F1-469D-B11B-D14526AB4614}.AppStore|iPhone.ActiveCfg = Debug|Any CPU
		{7D7B1B1C-70F1-469D-B11B-D14526AB4614}.AppStore|iPhone.Build.0 = Debug|Any CPU
		{7D7B1B1C-70F1-469D-B11B-D14526AB4614}.AppStore|iPhoneSimulator.ActiveCfg = Debug|Any CPU
		{7D7B1B1C-70F1-469D-B11B-D14526AB4614}.AppStore|iPhoneSimulator.Build.0 = Debug|Any CPU
		{7D7B1B1C-70F1-469D-B11B-D14526AB4614}.AppStore|x64.ActiveCfg = Debug|Any CPU
		{7D7B1B1C-70F1-469D-B11B-D14526AB4614}.AppStore|x64.Build.0 = Debug|Any CPU
		{7D7B1B1C-70F1-469D-B11B-D14526AB4614}.AppStore|x86.ActiveCfg = Debug|Any CPU
		{7D7B1B1C-70F1-469D-B11B-D14526AB4614}.AppStore|x86.Build.0 = Debug|Any CPU
		{7D7B1B1C-70F1-469D-B11B-D14526AB4614}.Debug|Any CPU.ActiveCfg = Debug|Any CPU
		{7D7B1B1C-70F1-469D-B11B-D14526AB4614}.Debug|Any CPU.Build.0 = Debug|Any CPU
		{7D7B1B1C-70F1-469D-B11B-D14526AB4614}.Debug|ARM.ActiveCfg = Debug|Any CPU
		{7D7B1B1C-70F1-469D-B11B-D14526AB4614}.Debug|ARM.Build.0 = Debug|Any CPU
		{7D7B1B1C-70F1-469D-B11B-D14526AB4614}.Debug|ARM64.ActiveCfg = Debug|Any CPU
		{7D7B1B1C-70F1-469D-B11B-D14526AB4614}.Debug|ARM64.Build.0 = Debug|Any CPU
		{7D7B1B1C-70F1-469D-B11B-D14526AB4614}.Debug|iPhone.ActiveCfg = Debug|Any CPU
		{7D7B1B1C-70F1-469D-B11B-D14526AB4614}.Debug|iPhone.Build.0 = Debug|Any CPU
		{7D7B1B1C-70F1-469D-B11B-D14526AB4614}.Debug|iPhoneSimulator.ActiveCfg = Debug|Any CPU
		{7D7B1B1C-70F1-469D-B11B-D14526AB4614}.Debug|iPhoneSimulator.Build.0 = Debug|Any CPU
		{7D7B1B1C-70F1-469D-B11B-D14526AB4614}.Debug|x64.ActiveCfg = Debug|Any CPU
		{7D7B1B1C-70F1-469D-B11B-D14526AB4614}.Debug|x64.Build.0 = Debug|Any CPU
		{7D7B1B1C-70F1-469D-B11B-D14526AB4614}.Debug|x86.ActiveCfg = Debug|Any CPU
		{7D7B1B1C-70F1-469D-B11B-D14526AB4614}.Release|Any CPU.ActiveCfg = Release|Any CPU
		{7D7B1B1C-70F1-469D-B11B-D14526AB4614}.Release|Any CPU.Build.0 = Release|Any CPU
		{7D7B1B1C-70F1-469D-B11B-D14526AB4614}.Release|ARM.ActiveCfg = Release|Any CPU
		{7D7B1B1C-70F1-469D-B11B-D14526AB4614}.Release|ARM.Build.0 = Release|Any CPU
		{7D7B1B1C-70F1-469D-B11B-D14526AB4614}.Release|ARM64.ActiveCfg = Release|Any CPU
		{7D7B1B1C-70F1-469D-B11B-D14526AB4614}.Release|ARM64.Build.0 = Release|Any CPU
		{7D7B1B1C-70F1-469D-B11B-D14526AB4614}.Release|iPhone.ActiveCfg = Release|Any CPU
		{7D7B1B1C-70F1-469D-B11B-D14526AB4614}.Release|iPhone.Build.0 = Release|Any CPU
		{7D7B1B1C-70F1-469D-B11B-D14526AB4614}.Release|iPhoneSimulator.ActiveCfg = Release|Any CPU
		{7D7B1B1C-70F1-469D-B11B-D14526AB4614}.Release|iPhoneSimulator.Build.0 = Release|Any CPU
		{7D7B1B1C-70F1-469D-B11B-D14526AB4614}.Release|x64.ActiveCfg = Release|Any CPU
		{7D7B1B1C-70F1-469D-B11B-D14526AB4614}.Release|x64.Build.0 = Release|Any CPU
		{7D7B1B1C-70F1-469D-B11B-D14526AB4614}.Release|x86.ActiveCfg = Release|Any CPU
		{7D7B1B1C-70F1-469D-B11B-D14526AB4614}.Release|x86.Build.0 = Release|Any CPU
		{3EBA51CF-8454-4A22-9753-FA98D3245346}.Ad-Hoc|Any CPU.ActiveCfg = Debug|iPhoneSimulator
		{3EBA51CF-8454-4A22-9753-FA98D3245346}.Ad-Hoc|Any CPU.Build.0 = Debug|iPhoneSimulator
		{3EBA51CF-8454-4A22-9753-FA98D3245346}.Ad-Hoc|ARM.ActiveCfg = Debug|iPhoneSimulator
		{3EBA51CF-8454-4A22-9753-FA98D3245346}.Ad-Hoc|ARM.Build.0 = Debug|iPhoneSimulator
		{3EBA51CF-8454-4A22-9753-FA98D3245346}.Ad-Hoc|ARM64.ActiveCfg = Debug|iPhoneSimulator
		{3EBA51CF-8454-4A22-9753-FA98D3245346}.Ad-Hoc|ARM64.Build.0 = Debug|iPhoneSimulator
		{3EBA51CF-8454-4A22-9753-FA98D3245346}.Ad-Hoc|iPhone.ActiveCfg = Debug|iPhoneSimulator
		{3EBA51CF-8454-4A22-9753-FA98D3245346}.Ad-Hoc|iPhone.Build.0 = Debug|iPhoneSimulator
		{3EBA51CF-8454-4A22-9753-FA98D3245346}.Ad-Hoc|iPhoneSimulator.ActiveCfg = Debug|iPhoneSimulator
		{3EBA51CF-8454-4A22-9753-FA98D3245346}.Ad-Hoc|iPhoneSimulator.Build.0 = Debug|iPhoneSimulator
		{3EBA51CF-8454-4A22-9753-FA98D3245346}.Ad-Hoc|x64.ActiveCfg = Debug|iPhoneSimulator
		{3EBA51CF-8454-4A22-9753-FA98D3245346}.Ad-Hoc|x64.Build.0 = Debug|iPhoneSimulator
		{3EBA51CF-8454-4A22-9753-FA98D3245346}.Ad-Hoc|x86.ActiveCfg = Debug|iPhoneSimulator
		{3EBA51CF-8454-4A22-9753-FA98D3245346}.Ad-Hoc|x86.Build.0 = Debug|iPhoneSimulator
		{3EBA51CF-8454-4A22-9753-FA98D3245346}.AppStore|Any CPU.ActiveCfg = Debug|iPhoneSimulator
		{3EBA51CF-8454-4A22-9753-FA98D3245346}.AppStore|Any CPU.Build.0 = Debug|iPhoneSimulator
		{3EBA51CF-8454-4A22-9753-FA98D3245346}.AppStore|ARM.ActiveCfg = Debug|iPhoneSimulator
		{3EBA51CF-8454-4A22-9753-FA98D3245346}.AppStore|ARM.Build.0 = Debug|iPhoneSimulator
		{3EBA51CF-8454-4A22-9753-FA98D3245346}.AppStore|ARM64.ActiveCfg = Debug|iPhoneSimulator
		{3EBA51CF-8454-4A22-9753-FA98D3245346}.AppStore|ARM64.Build.0 = Debug|iPhoneSimulator
		{3EBA51CF-8454-4A22-9753-FA98D3245346}.AppStore|iPhone.ActiveCfg = Debug|iPhoneSimulator
		{3EBA51CF-8454-4A22-9753-FA98D3245346}.AppStore|iPhone.Build.0 = Debug|iPhoneSimulator
		{3EBA51CF-8454-4A22-9753-FA98D3245346}.AppStore|iPhoneSimulator.ActiveCfg = Debug|iPhoneSimulator
		{3EBA51CF-8454-4A22-9753-FA98D3245346}.AppStore|iPhoneSimulator.Build.0 = Debug|iPhoneSimulator
		{3EBA51CF-8454-4A22-9753-FA98D3245346}.AppStore|x64.ActiveCfg = Debug|iPhoneSimulator
		{3EBA51CF-8454-4A22-9753-FA98D3245346}.AppStore|x64.Build.0 = Debug|iPhoneSimulator
		{3EBA51CF-8454-4A22-9753-FA98D3245346}.AppStore|x86.ActiveCfg = Debug|iPhoneSimulator
		{3EBA51CF-8454-4A22-9753-FA98D3245346}.AppStore|x86.Build.0 = Debug|iPhoneSimulator
		{3EBA51CF-8454-4A22-9753-FA98D3245346}.Debug|Any CPU.ActiveCfg = Debug|iPhoneSimulator
		{3EBA51CF-8454-4A22-9753-FA98D3245346}.Debug|ARM.ActiveCfg = Debug|iPhoneSimulator
		{3EBA51CF-8454-4A22-9753-FA98D3245346}.Debug|ARM64.ActiveCfg = Debug|iPhoneSimulator
		{3EBA51CF-8454-4A22-9753-FA98D3245346}.Debug|iPhone.ActiveCfg = Debug|iPhoneSimulator
		{3EBA51CF-8454-4A22-9753-FA98D3245346}.Debug|iPhoneSimulator.ActiveCfg = Debug|iPhoneSimulator
		{3EBA51CF-8454-4A22-9753-FA98D3245346}.Debug|iPhoneSimulator.Build.0 = Debug|iPhoneSimulator
		{3EBA51CF-8454-4A22-9753-FA98D3245346}.Debug|x64.ActiveCfg = Debug|iPhoneSimulator
		{3EBA51CF-8454-4A22-9753-FA98D3245346}.Debug|x86.ActiveCfg = Debug|iPhoneSimulator
		{3EBA51CF-8454-4A22-9753-FA98D3245346}.Release|Any CPU.ActiveCfg = Release|iPhoneSimulator
		{3EBA51CF-8454-4A22-9753-FA98D3245346}.Release|ARM.ActiveCfg = Release|iPhoneSimulator
		{3EBA51CF-8454-4A22-9753-FA98D3245346}.Release|ARM64.ActiveCfg = Release|iPhoneSimulator
		{3EBA51CF-8454-4A22-9753-FA98D3245346}.Release|iPhone.ActiveCfg = Release|iPhoneSimulator
		{3EBA51CF-8454-4A22-9753-FA98D3245346}.Release|iPhoneSimulator.ActiveCfg = Release|iPhoneSimulator
		{3EBA51CF-8454-4A22-9753-FA98D3245346}.Release|iPhoneSimulator.Build.0 = Release|iPhoneSimulator
		{3EBA51CF-8454-4A22-9753-FA98D3245346}.Release|x64.ActiveCfg = Release|iPhoneSimulator
		{3EBA51CF-8454-4A22-9753-FA98D3245346}.Release|x86.ActiveCfg = Release|iPhoneSimulator
		{FC6AB9C9-A43E-4D6C-A637-B50797708B9A}.Ad-Hoc|Any CPU.ActiveCfg = Debug|Any CPU
		{FC6AB9C9-A43E-4D6C-A637-B50797708B9A}.Ad-Hoc|Any CPU.Build.0 = Debug|Any CPU
		{FC6AB9C9-A43E-4D6C-A637-B50797708B9A}.Ad-Hoc|ARM.ActiveCfg = Debug|Any CPU
		{FC6AB9C9-A43E-4D6C-A637-B50797708B9A}.Ad-Hoc|ARM.Build.0 = Debug|Any CPU
		{FC6AB9C9-A43E-4D6C-A637-B50797708B9A}.Ad-Hoc|ARM64.ActiveCfg = Debug|Any CPU
		{FC6AB9C9-A43E-4D6C-A637-B50797708B9A}.Ad-Hoc|ARM64.Build.0 = Debug|Any CPU
		{FC6AB9C9-A43E-4D6C-A637-B50797708B9A}.Ad-Hoc|iPhone.ActiveCfg = Debug|Any CPU
		{FC6AB9C9-A43E-4D6C-A637-B50797708B9A}.Ad-Hoc|iPhone.Build.0 = Debug|Any CPU
		{FC6AB9C9-A43E-4D6C-A637-B50797708B9A}.Ad-Hoc|iPhoneSimulator.ActiveCfg = Debug|Any CPU
		{FC6AB9C9-A43E-4D6C-A637-B50797708B9A}.Ad-Hoc|iPhoneSimulator.Build.0 = Debug|Any CPU
		{FC6AB9C9-A43E-4D6C-A637-B50797708B9A}.Ad-Hoc|x64.ActiveCfg = Debug|Any CPU
		{FC6AB9C9-A43E-4D6C-A637-B50797708B9A}.Ad-Hoc|x64.Build.0 = Debug|Any CPU
		{FC6AB9C9-A43E-4D6C-A637-B50797708B9A}.Ad-Hoc|x86.ActiveCfg = Debug|Any CPU
		{FC6AB9C9-A43E-4D6C-A637-B50797708B9A}.Ad-Hoc|x86.Build.0 = Debug|Any CPU
		{FC6AB9C9-A43E-4D6C-A637-B50797708B9A}.AppStore|Any CPU.ActiveCfg = Debug|Any CPU
		{FC6AB9C9-A43E-4D6C-A637-B50797708B9A}.AppStore|Any CPU.Build.0 = Debug|Any CPU
		{FC6AB9C9-A43E-4D6C-A637-B50797708B9A}.AppStore|ARM.ActiveCfg = Debug|Any CPU
		{FC6AB9C9-A43E-4D6C-A637-B50797708B9A}.AppStore|ARM.Build.0 = Debug|Any CPU
		{FC6AB9C9-A43E-4D6C-A637-B50797708B9A}.AppStore|ARM64.ActiveCfg = Debug|Any CPU
		{FC6AB9C9-A43E-4D6C-A637-B50797708B9A}.AppStore|ARM64.Build.0 = Debug|Any CPU
		{FC6AB9C9-A43E-4D6C-A637-B50797708B9A}.AppStore|iPhone.ActiveCfg = Debug|Any CPU
		{FC6AB9C9-A43E-4D6C-A637-B50797708B9A}.AppStore|iPhone.Build.0 = Debug|Any CPU
		{FC6AB9C9-A43E-4D6C-A637-B50797708B9A}.AppStore|iPhoneSimulator.ActiveCfg = Debug|Any CPU
		{FC6AB9C9-A43E-4D6C-A637-B50797708B9A}.AppStore|iPhoneSimulator.Build.0 = Debug|Any CPU
		{FC6AB9C9-A43E-4D6C-A637-B50797708B9A}.AppStore|x64.ActiveCfg = Debug|Any CPU
		{FC6AB9C9-A43E-4D6C-A637-B50797708B9A}.AppStore|x64.Build.0 = Debug|Any CPU
		{FC6AB9C9-A43E-4D6C-A637-B50797708B9A}.AppStore|x86.ActiveCfg = Debug|Any CPU
		{FC6AB9C9-A43E-4D6C-A637-B50797708B9A}.AppStore|x86.Build.0 = Debug|Any CPU
		{FC6AB9C9-A43E-4D6C-A637-B50797708B9A}.Debug|Any CPU.ActiveCfg = Debug|Any CPU
		{FC6AB9C9-A43E-4D6C-A637-B50797708B9A}.Debug|Any CPU.Build.0 = Debug|Any CPU
		{FC6AB9C9-A43E-4D6C-A637-B50797708B9A}.Debug|ARM.ActiveCfg = Debug|Any CPU
		{FC6AB9C9-A43E-4D6C-A637-B50797708B9A}.Debug|ARM.Build.0 = Debug|Any CPU
		{FC6AB9C9-A43E-4D6C-A637-B50797708B9A}.Debug|ARM64.ActiveCfg = Debug|Any CPU
		{FC6AB9C9-A43E-4D6C-A637-B50797708B9A}.Debug|ARM64.Build.0 = Debug|Any CPU
		{FC6AB9C9-A43E-4D6C-A637-B50797708B9A}.Debug|iPhone.ActiveCfg = Debug|Any CPU
		{FC6AB9C9-A43E-4D6C-A637-B50797708B9A}.Debug|iPhone.Build.0 = Debug|Any CPU
		{FC6AB9C9-A43E-4D6C-A637-B50797708B9A}.Debug|iPhoneSimulator.ActiveCfg = Debug|Any CPU
		{FC6AB9C9-A43E-4D6C-A637-B50797708B9A}.Debug|iPhoneSimulator.Build.0 = Debug|Any CPU
		{FC6AB9C9-A43E-4D6C-A637-B50797708B9A}.Debug|x64.ActiveCfg = Debug|Any CPU
		{FC6AB9C9-A43E-4D6C-A637-B50797708B9A}.Debug|x64.Build.0 = Debug|Any CPU
		{FC6AB9C9-A43E-4D6C-A637-B50797708B9A}.Debug|x86.ActiveCfg = Debug|Any CPU
		{FC6AB9C9-A43E-4D6C-A637-B50797708B9A}.Release|Any CPU.ActiveCfg = Release|Any CPU
		{FC6AB9C9-A43E-4D6C-A637-B50797708B9A}.Release|Any CPU.Build.0 = Release|Any CPU
		{FC6AB9C9-A43E-4D6C-A637-B50797708B9A}.Release|ARM.ActiveCfg = Release|Any CPU
		{FC6AB9C9-A43E-4D6C-A637-B50797708B9A}.Release|ARM.Build.0 = Release|Any CPU
		{FC6AB9C9-A43E-4D6C-A637-B50797708B9A}.Release|ARM64.ActiveCfg = Release|Any CPU
		{FC6AB9C9-A43E-4D6C-A637-B50797708B9A}.Release|ARM64.Build.0 = Release|Any CPU
		{FC6AB9C9-A43E-4D6C-A637-B50797708B9A}.Release|iPhone.ActiveCfg = Release|Any CPU
		{FC6AB9C9-A43E-4D6C-A637-B50797708B9A}.Release|iPhone.Build.0 = Release|Any CPU
		{FC6AB9C9-A43E-4D6C-A637-B50797708B9A}.Release|iPhoneSimulator.ActiveCfg = Release|Any CPU
		{FC6AB9C9-A43E-4D6C-A637-B50797708B9A}.Release|iPhoneSimulator.Build.0 = Release|Any CPU
		{FC6AB9C9-A43E-4D6C-A637-B50797708B9A}.Release|x64.ActiveCfg = Release|Any CPU
		{FC6AB9C9-A43E-4D6C-A637-B50797708B9A}.Release|x64.Build.0 = Release|Any CPU
		{FC6AB9C9-A43E-4D6C-A637-B50797708B9A}.Release|x86.ActiveCfg = Release|Any CPU
		{FC6AB9C9-A43E-4D6C-A637-B50797708B9A}.Release|x86.Build.0 = Release|Any CPU
		{2EDDA6A9-5826-44A9-907D-C0B8FD8F58D1}.Ad-Hoc|Any CPU.ActiveCfg = Debug|Any CPU
		{2EDDA6A9-5826-44A9-907D-C0B8FD8F58D1}.Ad-Hoc|Any CPU.Build.0 = Debug|Any CPU
		{2EDDA6A9-5826-44A9-907D-C0B8FD8F58D1}.Ad-Hoc|ARM.ActiveCfg = Debug|Any CPU
		{2EDDA6A9-5826-44A9-907D-C0B8FD8F58D1}.Ad-Hoc|ARM.Build.0 = Debug|Any CPU
		{2EDDA6A9-5826-44A9-907D-C0B8FD8F58D1}.Ad-Hoc|ARM64.ActiveCfg = Debug|Any CPU
		{2EDDA6A9-5826-44A9-907D-C0B8FD8F58D1}.Ad-Hoc|ARM64.Build.0 = Debug|Any CPU
		{2EDDA6A9-5826-44A9-907D-C0B8FD8F58D1}.Ad-Hoc|iPhone.ActiveCfg = Debug|Any CPU
		{2EDDA6A9-5826-44A9-907D-C0B8FD8F58D1}.Ad-Hoc|iPhone.Build.0 = Debug|Any CPU
		{2EDDA6A9-5826-44A9-907D-C0B8FD8F58D1}.Ad-Hoc|iPhoneSimulator.ActiveCfg = Debug|Any CPU
		{2EDDA6A9-5826-44A9-907D-C0B8FD8F58D1}.Ad-Hoc|iPhoneSimulator.Build.0 = Debug|Any CPU
		{2EDDA6A9-5826-44A9-907D-C0B8FD8F58D1}.Ad-Hoc|x64.ActiveCfg = Debug|Any CPU
		{2EDDA6A9-5826-44A9-907D-C0B8FD8F58D1}.Ad-Hoc|x64.Build.0 = Debug|Any CPU
		{2EDDA6A9-5826-44A9-907D-C0B8FD8F58D1}.Ad-Hoc|x86.ActiveCfg = Debug|Any CPU
		{2EDDA6A9-5826-44A9-907D-C0B8FD8F58D1}.Ad-Hoc|x86.Build.0 = Debug|Any CPU
		{2EDDA6A9-5826-44A9-907D-C0B8FD8F58D1}.AppStore|Any CPU.ActiveCfg = Debug|Any CPU
		{2EDDA6A9-5826-44A9-907D-C0B8FD8F58D1}.AppStore|Any CPU.Build.0 = Debug|Any CPU
		{2EDDA6A9-5826-44A9-907D-C0B8FD8F58D1}.AppStore|ARM.ActiveCfg = Debug|Any CPU
		{2EDDA6A9-5826-44A9-907D-C0B8FD8F58D1}.AppStore|ARM.Build.0 = Debug|Any CPU
		{2EDDA6A9-5826-44A9-907D-C0B8FD8F58D1}.AppStore|ARM64.ActiveCfg = Debug|Any CPU
		{2EDDA6A9-5826-44A9-907D-C0B8FD8F58D1}.AppStore|ARM64.Build.0 = Debug|Any CPU
		{2EDDA6A9-5826-44A9-907D-C0B8FD8F58D1}.AppStore|iPhone.ActiveCfg = Debug|Any CPU
		{2EDDA6A9-5826-44A9-907D-C0B8FD8F58D1}.AppStore|iPhone.Build.0 = Debug|Any CPU
		{2EDDA6A9-5826-44A9-907D-C0B8FD8F58D1}.AppStore|iPhoneSimulator.ActiveCfg = Debug|Any CPU
		{2EDDA6A9-5826-44A9-907D-C0B8FD8F58D1}.AppStore|iPhoneSimulator.Build.0 = Debug|Any CPU
		{2EDDA6A9-5826-44A9-907D-C0B8FD8F58D1}.AppStore|x64.ActiveCfg = Debug|Any CPU
		{2EDDA6A9-5826-44A9-907D-C0B8FD8F58D1}.AppStore|x64.Build.0 = Debug|Any CPU
		{2EDDA6A9-5826-44A9-907D-C0B8FD8F58D1}.AppStore|x86.ActiveCfg = Debug|Any CPU
		{2EDDA6A9-5826-44A9-907D-C0B8FD8F58D1}.AppStore|x86.Build.0 = Debug|Any CPU
		{2EDDA6A9-5826-44A9-907D-C0B8FD8F58D1}.Debug|Any CPU.ActiveCfg = Debug|Any CPU
		{2EDDA6A9-5826-44A9-907D-C0B8FD8F58D1}.Debug|Any CPU.Build.0 = Debug|Any CPU
		{2EDDA6A9-5826-44A9-907D-C0B8FD8F58D1}.Debug|ARM.ActiveCfg = Debug|Any CPU
		{2EDDA6A9-5826-44A9-907D-C0B8FD8F58D1}.Debug|ARM.Build.0 = Debug|Any CPU
		{2EDDA6A9-5826-44A9-907D-C0B8FD8F58D1}.Debug|ARM64.ActiveCfg = Debug|Any CPU
		{2EDDA6A9-5826-44A9-907D-C0B8FD8F58D1}.Debug|ARM64.Build.0 = Debug|Any CPU
		{2EDDA6A9-5826-44A9-907D-C0B8FD8F58D1}.Debug|iPhone.ActiveCfg = Debug|Any CPU
		{2EDDA6A9-5826-44A9-907D-C0B8FD8F58D1}.Debug|iPhone.Build.0 = Debug|Any CPU
		{2EDDA6A9-5826-44A9-907D-C0B8FD8F58D1}.Debug|iPhoneSimulator.ActiveCfg = Debug|Any CPU
		{2EDDA6A9-5826-44A9-907D-C0B8FD8F58D1}.Debug|iPhoneSimulator.Build.0 = Debug|Any CPU
		{2EDDA6A9-5826-44A9-907D-C0B8FD8F58D1}.Debug|x64.ActiveCfg = Debug|Any CPU
		{2EDDA6A9-5826-44A9-907D-C0B8FD8F58D1}.Debug|x64.Build.0 = Debug|Any CPU
		{2EDDA6A9-5826-44A9-907D-C0B8FD8F58D1}.Debug|x86.ActiveCfg = Debug|Any CPU
		{2EDDA6A9-5826-44A9-907D-C0B8FD8F58D1}.Release|Any CPU.ActiveCfg = Release|Any CPU
		{2EDDA6A9-5826-44A9-907D-C0B8FD8F58D1}.Release|Any CPU.Build.0 = Release|Any CPU
		{2EDDA6A9-5826-44A9-907D-C0B8FD8F58D1}.Release|ARM.ActiveCfg = Release|Any CPU
		{2EDDA6A9-5826-44A9-907D-C0B8FD8F58D1}.Release|ARM.Build.0 = Release|Any CPU
		{2EDDA6A9-5826-44A9-907D-C0B8FD8F58D1}.Release|ARM64.ActiveCfg = Release|Any CPU
		{2EDDA6A9-5826-44A9-907D-C0B8FD8F58D1}.Release|ARM64.Build.0 = Release|Any CPU
		{2EDDA6A9-5826-44A9-907D-C0B8FD8F58D1}.Release|iPhone.ActiveCfg = Release|Any CPU
		{2EDDA6A9-5826-44A9-907D-C0B8FD8F58D1}.Release|iPhone.Build.0 = Release|Any CPU
		{2EDDA6A9-5826-44A9-907D-C0B8FD8F58D1}.Release|iPhoneSimulator.ActiveCfg = Release|Any CPU
		{2EDDA6A9-5826-44A9-907D-C0B8FD8F58D1}.Release|iPhoneSimulator.Build.0 = Release|Any CPU
		{2EDDA6A9-5826-44A9-907D-C0B8FD8F58D1}.Release|x64.ActiveCfg = Release|Any CPU
		{2EDDA6A9-5826-44A9-907D-C0B8FD8F58D1}.Release|x64.Build.0 = Release|Any CPU
		{2EDDA6A9-5826-44A9-907D-C0B8FD8F58D1}.Release|x86.ActiveCfg = Release|Any CPU
		{2EDDA6A9-5826-44A9-907D-C0B8FD8F58D1}.Release|x86.Build.0 = Release|Any CPU
		{7E54AB50-40B4-446C-BAB8-FB6BC5D03EFC}.Ad-Hoc|Any CPU.ActiveCfg = Debug|Any CPU
		{7E54AB50-40B4-446C-BAB8-FB6BC5D03EFC}.Ad-Hoc|Any CPU.Build.0 = Debug|Any CPU
		{7E54AB50-40B4-446C-BAB8-FB6BC5D03EFC}.Ad-Hoc|ARM.ActiveCfg = Debug|Any CPU
		{7E54AB50-40B4-446C-BAB8-FB6BC5D03EFC}.Ad-Hoc|ARM.Build.0 = Debug|Any CPU
		{7E54AB50-40B4-446C-BAB8-FB6BC5D03EFC}.Ad-Hoc|ARM64.ActiveCfg = Debug|Any CPU
		{7E54AB50-40B4-446C-BAB8-FB6BC5D03EFC}.Ad-Hoc|ARM64.Build.0 = Debug|Any CPU
		{7E54AB50-40B4-446C-BAB8-FB6BC5D03EFC}.Ad-Hoc|iPhone.ActiveCfg = Debug|Any CPU
		{7E54AB50-40B4-446C-BAB8-FB6BC5D03EFC}.Ad-Hoc|iPhone.Build.0 = Debug|Any CPU
		{7E54AB50-40B4-446C-BAB8-FB6BC5D03EFC}.Ad-Hoc|iPhoneSimulator.ActiveCfg = Debug|Any CPU
		{7E54AB50-40B4-446C-BAB8-FB6BC5D03EFC}.Ad-Hoc|iPhoneSimulator.Build.0 = Debug|Any CPU
		{7E54AB50-40B4-446C-BAB8-FB6BC5D03EFC}.Ad-Hoc|x64.ActiveCfg = Debug|Any CPU
		{7E54AB50-40B4-446C-BAB8-FB6BC5D03EFC}.Ad-Hoc|x64.Build.0 = Debug|Any CPU
		{7E54AB50-40B4-446C-BAB8-FB6BC5D03EFC}.Ad-Hoc|x86.ActiveCfg = Debug|Any CPU
		{7E54AB50-40B4-446C-BAB8-FB6BC5D03EFC}.Ad-Hoc|x86.Build.0 = Debug|Any CPU
		{7E54AB50-40B4-446C-BAB8-FB6BC5D03EFC}.AppStore|Any CPU.ActiveCfg = Debug|Any CPU
		{7E54AB50-40B4-446C-BAB8-FB6BC5D03EFC}.AppStore|Any CPU.Build.0 = Debug|Any CPU
		{7E54AB50-40B4-446C-BAB8-FB6BC5D03EFC}.AppStore|ARM.ActiveCfg = Debug|Any CPU
		{7E54AB50-40B4-446C-BAB8-FB6BC5D03EFC}.AppStore|ARM.Build.0 = Debug|Any CPU
		{7E54AB50-40B4-446C-BAB8-FB6BC5D03EFC}.AppStore|ARM64.ActiveCfg = Debug|Any CPU
		{7E54AB50-40B4-446C-BAB8-FB6BC5D03EFC}.AppStore|ARM64.Build.0 = Debug|Any CPU
		{7E54AB50-40B4-446C-BAB8-FB6BC5D03EFC}.AppStore|iPhone.ActiveCfg = Debug|Any CPU
		{7E54AB50-40B4-446C-BAB8-FB6BC5D03EFC}.AppStore|iPhone.Build.0 = Debug|Any CPU
		{7E54AB50-40B4-446C-BAB8-FB6BC5D03EFC}.AppStore|iPhoneSimulator.ActiveCfg = Debug|Any CPU
		{7E54AB50-40B4-446C-BAB8-FB6BC5D03EFC}.AppStore|iPhoneSimulator.Build.0 = Debug|Any CPU
		{7E54AB50-40B4-446C-BAB8-FB6BC5D03EFC}.AppStore|x64.ActiveCfg = Debug|Any CPU
		{7E54AB50-40B4-446C-BAB8-FB6BC5D03EFC}.AppStore|x64.Build.0 = Debug|Any CPU
		{7E54AB50-40B4-446C-BAB8-FB6BC5D03EFC}.AppStore|x86.ActiveCfg = Debug|Any CPU
		{7E54AB50-40B4-446C-BAB8-FB6BC5D03EFC}.AppStore|x86.Build.0 = Debug|Any CPU
		{7E54AB50-40B4-446C-BAB8-FB6BC5D03EFC}.Debug|Any CPU.ActiveCfg = Debug|Any CPU
		{7E54AB50-40B4-446C-BAB8-FB6BC5D03EFC}.Debug|Any CPU.Build.0 = Debug|Any CPU
		{7E54AB50-40B4-446C-BAB8-FB6BC5D03EFC}.Debug|ARM.ActiveCfg = Debug|Any CPU
		{7E54AB50-40B4-446C-BAB8-FB6BC5D03EFC}.Debug|ARM.Build.0 = Debug|Any CPU
		{7E54AB50-40B4-446C-BAB8-FB6BC5D03EFC}.Debug|ARM64.ActiveCfg = Debug|Any CPU
		{7E54AB50-40B4-446C-BAB8-FB6BC5D03EFC}.Debug|ARM64.Build.0 = Debug|Any CPU
		{7E54AB50-40B4-446C-BAB8-FB6BC5D03EFC}.Debug|iPhone.ActiveCfg = Debug|Any CPU
		{7E54AB50-40B4-446C-BAB8-FB6BC5D03EFC}.Debug|iPhone.Build.0 = Debug|Any CPU
		{7E54AB50-40B4-446C-BAB8-FB6BC5D03EFC}.Debug|iPhoneSimulator.ActiveCfg = Debug|Any CPU
		{7E54AB50-40B4-446C-BAB8-FB6BC5D03EFC}.Debug|iPhoneSimulator.Build.0 = Debug|Any CPU
		{7E54AB50-40B4-446C-BAB8-FB6BC5D03EFC}.Debug|x64.ActiveCfg = Debug|Any CPU
		{7E54AB50-40B4-446C-BAB8-FB6BC5D03EFC}.Debug|x64.Build.0 = Debug|Any CPU
		{7E54AB50-40B4-446C-BAB8-FB6BC5D03EFC}.Debug|x86.ActiveCfg = Debug|Any CPU
		{7E54AB50-40B4-446C-BAB8-FB6BC5D03EFC}.Release|Any CPU.ActiveCfg = Release|Any CPU
		{7E54AB50-40B4-446C-BAB8-FB6BC5D03EFC}.Release|Any CPU.Build.0 = Release|Any CPU
		{7E54AB50-40B4-446C-BAB8-FB6BC5D03EFC}.Release|ARM.ActiveCfg = Release|Any CPU
		{7E54AB50-40B4-446C-BAB8-FB6BC5D03EFC}.Release|ARM.Build.0 = Release|Any CPU
		{7E54AB50-40B4-446C-BAB8-FB6BC5D03EFC}.Release|ARM64.ActiveCfg = Release|Any CPU
		{7E54AB50-40B4-446C-BAB8-FB6BC5D03EFC}.Release|ARM64.Build.0 = Release|Any CPU
		{7E54AB50-40B4-446C-BAB8-FB6BC5D03EFC}.Release|iPhone.ActiveCfg = Release|Any CPU
		{7E54AB50-40B4-446C-BAB8-FB6BC5D03EFC}.Release|iPhone.Build.0 = Release|Any CPU
		{7E54AB50-40B4-446C-BAB8-FB6BC5D03EFC}.Release|iPhoneSimulator.ActiveCfg = Release|Any CPU
		{7E54AB50-40B4-446C-BAB8-FB6BC5D03EFC}.Release|iPhoneSimulator.Build.0 = Release|Any CPU
		{7E54AB50-40B4-446C-BAB8-FB6BC5D03EFC}.Release|x64.ActiveCfg = Release|Any CPU
		{7E54AB50-40B4-446C-BAB8-FB6BC5D03EFC}.Release|x64.Build.0 = Release|Any CPU
		{7E54AB50-40B4-446C-BAB8-FB6BC5D03EFC}.Release|x86.ActiveCfg = Release|Any CPU
		{7E54AB50-40B4-446C-BAB8-FB6BC5D03EFC}.Release|x86.Build.0 = Release|Any CPU
		{6E20D29A-46E0-4DE0-A069-B8F6B2735123}.Ad-Hoc|Any CPU.ActiveCfg = Debug|Any CPU
		{6E20D29A-46E0-4DE0-A069-B8F6B2735123}.Ad-Hoc|Any CPU.Build.0 = Debug|Any CPU
		{6E20D29A-46E0-4DE0-A069-B8F6B2735123}.Ad-Hoc|ARM.ActiveCfg = Debug|Any CPU
		{6E20D29A-46E0-4DE0-A069-B8F6B2735123}.Ad-Hoc|ARM.Build.0 = Debug|Any CPU
		{6E20D29A-46E0-4DE0-A069-B8F6B2735123}.Ad-Hoc|ARM64.ActiveCfg = Debug|Any CPU
		{6E20D29A-46E0-4DE0-A069-B8F6B2735123}.Ad-Hoc|ARM64.Build.0 = Debug|Any CPU
		{6E20D29A-46E0-4DE0-A069-B8F6B2735123}.Ad-Hoc|iPhone.ActiveCfg = Debug|Any CPU
		{6E20D29A-46E0-4DE0-A069-B8F6B2735123}.Ad-Hoc|iPhone.Build.0 = Debug|Any CPU
		{6E20D29A-46E0-4DE0-A069-B8F6B2735123}.Ad-Hoc|iPhoneSimulator.ActiveCfg = Debug|Any CPU
		{6E20D29A-46E0-4DE0-A069-B8F6B2735123}.Ad-Hoc|iPhoneSimulator.Build.0 = Debug|Any CPU
		{6E20D29A-46E0-4DE0-A069-B8F6B2735123}.Ad-Hoc|x64.ActiveCfg = Debug|Any CPU
		{6E20D29A-46E0-4DE0-A069-B8F6B2735123}.Ad-Hoc|x64.Build.0 = Debug|Any CPU
		{6E20D29A-46E0-4DE0-A069-B8F6B2735123}.Ad-Hoc|x86.ActiveCfg = Debug|Any CPU
		{6E20D29A-46E0-4DE0-A069-B8F6B2735123}.Ad-Hoc|x86.Build.0 = Debug|Any CPU
		{6E20D29A-46E0-4DE0-A069-B8F6B2735123}.AppStore|Any CPU.ActiveCfg = Debug|Any CPU
		{6E20D29A-46E0-4DE0-A069-B8F6B2735123}.AppStore|Any CPU.Build.0 = Debug|Any CPU
		{6E20D29A-46E0-4DE0-A069-B8F6B2735123}.AppStore|ARM.ActiveCfg = Debug|Any CPU
		{6E20D29A-46E0-4DE0-A069-B8F6B2735123}.AppStore|ARM.Build.0 = Debug|Any CPU
		{6E20D29A-46E0-4DE0-A069-B8F6B2735123}.AppStore|ARM64.ActiveCfg = Debug|Any CPU
		{6E20D29A-46E0-4DE0-A069-B8F6B2735123}.AppStore|ARM64.Build.0 = Debug|Any CPU
		{6E20D29A-46E0-4DE0-A069-B8F6B2735123}.AppStore|iPhone.ActiveCfg = Debug|Any CPU
		{6E20D29A-46E0-4DE0-A069-B8F6B2735123}.AppStore|iPhone.Build.0 = Debug|Any CPU
		{6E20D29A-46E0-4DE0-A069-B8F6B2735123}.AppStore|iPhoneSimulator.ActiveCfg = Debug|Any CPU
		{6E20D29A-46E0-4DE0-A069-B8F6B2735123}.AppStore|iPhoneSimulator.Build.0 = Debug|Any CPU
		{6E20D29A-46E0-4DE0-A069-B8F6B2735123}.AppStore|x64.ActiveCfg = Debug|Any CPU
		{6E20D29A-46E0-4DE0-A069-B8F6B2735123}.AppStore|x64.Build.0 = Debug|Any CPU
		{6E20D29A-46E0-4DE0-A069-B8F6B2735123}.AppStore|x86.ActiveCfg = Debug|Any CPU
		{6E20D29A-46E0-4DE0-A069-B8F6B2735123}.AppStore|x86.Build.0 = Debug|Any CPU
		{6E20D29A-46E0-4DE0-A069-B8F6B2735123}.Debug|Any CPU.ActiveCfg = Debug|Any CPU
		{6E20D29A-46E0-4DE0-A069-B8F6B2735123}.Debug|Any CPU.Build.0 = Debug|Any CPU
		{6E20D29A-46E0-4DE0-A069-B8F6B2735123}.Debug|ARM.ActiveCfg = Debug|Any CPU
		{6E20D29A-46E0-4DE0-A069-B8F6B2735123}.Debug|ARM.Build.0 = Debug|Any CPU
		{6E20D29A-46E0-4DE0-A069-B8F6B2735123}.Debug|ARM64.ActiveCfg = Debug|Any CPU
		{6E20D29A-46E0-4DE0-A069-B8F6B2735123}.Debug|ARM64.Build.0 = Debug|Any CPU
		{6E20D29A-46E0-4DE0-A069-B8F6B2735123}.Debug|iPhone.ActiveCfg = Debug|Any CPU
		{6E20D29A-46E0-4DE0-A069-B8F6B2735123}.Debug|iPhone.Build.0 = Debug|Any CPU
		{6E20D29A-46E0-4DE0-A069-B8F6B2735123}.Debug|iPhoneSimulator.ActiveCfg = Debug|Any CPU
		{6E20D29A-46E0-4DE0-A069-B8F6B2735123}.Debug|iPhoneSimulator.Build.0 = Debug|Any CPU
		{6E20D29A-46E0-4DE0-A069-B8F6B2735123}.Debug|x64.ActiveCfg = Debug|Any CPU
		{6E20D29A-46E0-4DE0-A069-B8F6B2735123}.Debug|x64.Build.0 = Debug|Any CPU
		{6E20D29A-46E0-4DE0-A069-B8F6B2735123}.Debug|x86.ActiveCfg = Debug|Any CPU
		{6E20D29A-46E0-4DE0-A069-B8F6B2735123}.Release|Any CPU.ActiveCfg = Release|Any CPU
		{6E20D29A-46E0-4DE0-A069-B8F6B2735123}.Release|Any CPU.Build.0 = Release|Any CPU
		{6E20D29A-46E0-4DE0-A069-B8F6B2735123}.Release|ARM.ActiveCfg = Release|Any CPU
		{6E20D29A-46E0-4DE0-A069-B8F6B2735123}.Release|ARM.Build.0 = Release|Any CPU
		{6E20D29A-46E0-4DE0-A069-B8F6B2735123}.Release|ARM64.ActiveCfg = Release|Any CPU
		{6E20D29A-46E0-4DE0-A069-B8F6B2735123}.Release|ARM64.Build.0 = Release|Any CPU
		{6E20D29A-46E0-4DE0-A069-B8F6B2735123}.Release|iPhone.ActiveCfg = Release|Any CPU
		{6E20D29A-46E0-4DE0-A069-B8F6B2735123}.Release|iPhone.Build.0 = Release|Any CPU
		{6E20D29A-46E0-4DE0-A069-B8F6B2735123}.Release|iPhoneSimulator.ActiveCfg = Release|Any CPU
		{6E20D29A-46E0-4DE0-A069-B8F6B2735123}.Release|iPhoneSimulator.Build.0 = Release|Any CPU
		{6E20D29A-46E0-4DE0-A069-B8F6B2735123}.Release|x64.ActiveCfg = Release|Any CPU
		{6E20D29A-46E0-4DE0-A069-B8F6B2735123}.Release|x64.Build.0 = Release|Any CPU
		{6E20D29A-46E0-4DE0-A069-B8F6B2735123}.Release|x86.ActiveCfg = Release|Any CPU
		{6E20D29A-46E0-4DE0-A069-B8F6B2735123}.Release|x86.Build.0 = Release|Any CPU
		{4B9F8CC7-594C-434E-9C99-41703068F148}.Ad-Hoc|Any CPU.ActiveCfg = Debug|Any CPU
		{4B9F8CC7-594C-434E-9C99-41703068F148}.Ad-Hoc|Any CPU.Build.0 = Debug|Any CPU
		{4B9F8CC7-594C-434E-9C99-41703068F148}.Ad-Hoc|ARM.ActiveCfg = Debug|Any CPU
		{4B9F8CC7-594C-434E-9C99-41703068F148}.Ad-Hoc|ARM.Build.0 = Debug|Any CPU
		{4B9F8CC7-594C-434E-9C99-41703068F148}.Ad-Hoc|ARM64.ActiveCfg = Debug|Any CPU
		{4B9F8CC7-594C-434E-9C99-41703068F148}.Ad-Hoc|ARM64.Build.0 = Debug|Any CPU
		{4B9F8CC7-594C-434E-9C99-41703068F148}.Ad-Hoc|iPhone.ActiveCfg = Debug|Any CPU
		{4B9F8CC7-594C-434E-9C99-41703068F148}.Ad-Hoc|iPhone.Build.0 = Debug|Any CPU
		{4B9F8CC7-594C-434E-9C99-41703068F148}.Ad-Hoc|iPhoneSimulator.ActiveCfg = Debug|Any CPU
		{4B9F8CC7-594C-434E-9C99-41703068F148}.Ad-Hoc|iPhoneSimulator.Build.0 = Debug|Any CPU
		{4B9F8CC7-594C-434E-9C99-41703068F148}.Ad-Hoc|x64.ActiveCfg = Debug|Any CPU
		{4B9F8CC7-594C-434E-9C99-41703068F148}.Ad-Hoc|x64.Build.0 = Debug|Any CPU
		{4B9F8CC7-594C-434E-9C99-41703068F148}.Ad-Hoc|x86.ActiveCfg = Debug|Any CPU
		{4B9F8CC7-594C-434E-9C99-41703068F148}.Ad-Hoc|x86.Build.0 = Debug|Any CPU
		{4B9F8CC7-594C-434E-9C99-41703068F148}.AppStore|Any CPU.ActiveCfg = Debug|Any CPU
		{4B9F8CC7-594C-434E-9C99-41703068F148}.AppStore|Any CPU.Build.0 = Debug|Any CPU
		{4B9F8CC7-594C-434E-9C99-41703068F148}.AppStore|ARM.ActiveCfg = Debug|Any CPU
		{4B9F8CC7-594C-434E-9C99-41703068F148}.AppStore|ARM.Build.0 = Debug|Any CPU
		{4B9F8CC7-594C-434E-9C99-41703068F148}.AppStore|ARM64.ActiveCfg = Debug|Any CPU
		{4B9F8CC7-594C-434E-9C99-41703068F148}.AppStore|ARM64.Build.0 = Debug|Any CPU
		{4B9F8CC7-594C-434E-9C99-41703068F148}.AppStore|iPhone.ActiveCfg = Debug|Any CPU
		{4B9F8CC7-594C-434E-9C99-41703068F148}.AppStore|iPhone.Build.0 = Debug|Any CPU
		{4B9F8CC7-594C-434E-9C99-41703068F148}.AppStore|iPhoneSimulator.ActiveCfg = Debug|Any CPU
		{4B9F8CC7-594C-434E-9C99-41703068F148}.AppStore|iPhoneSimulator.Build.0 = Debug|Any CPU
		{4B9F8CC7-594C-434E-9C99-41703068F148}.AppStore|x64.ActiveCfg = Debug|Any CPU
		{4B9F8CC7-594C-434E-9C99-41703068F148}.AppStore|x64.Build.0 = Debug|Any CPU
		{4B9F8CC7-594C-434E-9C99-41703068F148}.AppStore|x86.ActiveCfg = Debug|Any CPU
		{4B9F8CC7-594C-434E-9C99-41703068F148}.AppStore|x86.Build.0 = Debug|Any CPU
		{4B9F8CC7-594C-434E-9C99-41703068F148}.Debug|Any CPU.ActiveCfg = Debug|Any CPU
		{4B9F8CC7-594C-434E-9C99-41703068F148}.Debug|Any CPU.Build.0 = Debug|Any CPU
		{4B9F8CC7-594C-434E-9C99-41703068F148}.Debug|ARM.ActiveCfg = Debug|Any CPU
		{4B9F8CC7-594C-434E-9C99-41703068F148}.Debug|ARM.Build.0 = Debug|Any CPU
		{4B9F8CC7-594C-434E-9C99-41703068F148}.Debug|ARM64.ActiveCfg = Debug|Any CPU
		{4B9F8CC7-594C-434E-9C99-41703068F148}.Debug|ARM64.Build.0 = Debug|Any CPU
		{4B9F8CC7-594C-434E-9C99-41703068F148}.Debug|iPhone.ActiveCfg = Debug|Any CPU
		{4B9F8CC7-594C-434E-9C99-41703068F148}.Debug|iPhone.Build.0 = Debug|Any CPU
		{4B9F8CC7-594C-434E-9C99-41703068F148}.Debug|iPhoneSimulator.ActiveCfg = Debug|Any CPU
		{4B9F8CC7-594C-434E-9C99-41703068F148}.Debug|iPhoneSimulator.Build.0 = Debug|Any CPU
		{4B9F8CC7-594C-434E-9C99-41703068F148}.Debug|x64.ActiveCfg = Debug|Any CPU
		{4B9F8CC7-594C-434E-9C99-41703068F148}.Debug|x64.Build.0 = Debug|Any CPU
		{4B9F8CC7-594C-434E-9C99-41703068F148}.Debug|x86.ActiveCfg = Debug|Any CPU
		{4B9F8CC7-594C-434E-9C99-41703068F148}.Debug|x86.Build.0 = Debug|Any CPU
		{4B9F8CC7-594C-434E-9C99-41703068F148}.Release|Any CPU.ActiveCfg = Release|Any CPU
		{4B9F8CC7-594C-434E-9C99-41703068F148}.Release|Any CPU.Build.0 = Release|Any CPU
		{4B9F8CC7-594C-434E-9C99-41703068F148}.Release|ARM.ActiveCfg = Release|Any CPU
		{4B9F8CC7-594C-434E-9C99-41703068F148}.Release|ARM.Build.0 = Release|Any CPU
		{4B9F8CC7-594C-434E-9C99-41703068F148}.Release|ARM64.ActiveCfg = Release|Any CPU
		{4B9F8CC7-594C-434E-9C99-41703068F148}.Release|ARM64.Build.0 = Release|Any CPU
		{4B9F8CC7-594C-434E-9C99-41703068F148}.Release|iPhone.ActiveCfg = Release|Any CPU
		{4B9F8CC7-594C-434E-9C99-41703068F148}.Release|iPhone.Build.0 = Release|Any CPU
		{4B9F8CC7-594C-434E-9C99-41703068F148}.Release|iPhoneSimulator.ActiveCfg = Release|Any CPU
		{4B9F8CC7-594C-434E-9C99-41703068F148}.Release|iPhoneSimulator.Build.0 = Release|Any CPU
		{4B9F8CC7-594C-434E-9C99-41703068F148}.Release|x64.ActiveCfg = Release|Any CPU
		{4B9F8CC7-594C-434E-9C99-41703068F148}.Release|x64.Build.0 = Release|Any CPU
		{4B9F8CC7-594C-434E-9C99-41703068F148}.Release|x86.ActiveCfg = Release|Any CPU
		{4B9F8CC7-594C-434E-9C99-41703068F148}.Release|x86.Build.0 = Release|Any CPU
	EndGlobalSection
	GlobalSection(SolutionProperties) = preSolution
		HideSolutionNode = FALSE
	EndGlobalSection
	GlobalSection(NestedProjects) = preSolution
		{26129AC9-4B58-41FF-BFAA-5024DBE22DF7} = {9C653D30-4635-45F2-92FD-32A6BB26DEFC}
		{92200D75-490A-4CF6-9375-12F6F5658C44} = {9C653D30-4635-45F2-92FD-32A6BB26DEFC}
		{B39F81F8-A636-4A26-B913-A1A289687C76} = {9C653D30-4635-45F2-92FD-32A6BB26DEFC}
		{7D7B1B1C-70F1-469D-B11B-D14526AB4614} = {9C653D30-4635-45F2-92FD-32A6BB26DEFC}
		{3EBA51CF-8454-4A22-9753-FA98D3245346} = {9C653D30-4635-45F2-92FD-32A6BB26DEFC}
		{FC6AB9C9-A43E-4D6C-A637-B50797708B9A} = {9C653D30-4635-45F2-92FD-32A6BB26DEFC}
		{2EDDA6A9-5826-44A9-907D-C0B8FD8F58D1} = {9C653D30-4635-45F2-92FD-32A6BB26DEFC}
		{7E54AB50-40B4-446C-BAB8-FB6BC5D03EFC} = {9C653D30-4635-45F2-92FD-32A6BB26DEFC}
		{6E20D29A-46E0-4DE0-A069-B8F6B2735123} = {9C653D30-4635-45F2-92FD-32A6BB26DEFC}
	EndGlobalSection
	GlobalSection(ExtensibilityGlobals) = postSolution
		SolutionGuid = {49A81592-758E-4389-9826-45BCF7D52CCD}
	EndGlobalSection
EndGlobal
